
Microsoft Visual Studio Solution File, Format Version 12.00
# Visual Studio Version 16
VisualStudioVersion = 16.0.32228.343
MinimumVisualStudioVersion = 10.0.40219.1
Project("{FAE04EC0-301F-11D3-BF4B-00C04F79EFBC}") = "lab6", "lab6\lab6.csproj", "{6C4E8A8F-199E-406D-91F1-8BCFEC8FE52F}"
EndProject
Global
	GlobalSection(SolutionConfigurationPlatforms) = preSolution
		Debug|Any CPU = Debug|Any CPU
		Release|Any CPU = Release|Any CPU
	EndGlobalSection
	GlobalSection(ProjectConfigurationPlatforms) = postSolution
		{6C4E8A8F-199E-406D-91F1-8BCFEC8FE52F}.Debug|Any CPU.ActiveCfg = Debug|Any CPU
		{6C4E8A8F-199E-406D-91F1-8BCFEC8FE52F}.Debug|Any CPU.Build.0 = Debug|Any CPU
		{6C4E8A8F-199E-406D-91F1-8BCFEC8FE52F}.Release|Any CPU.ActiveCfg = Release|Any CPU
		{6C4E8A8F-199E-406D-91F1-8BCFEC8FE52F}.Release|Any CPU.Build.0 = Release|Any CPU
	EndGlobalSection
	GlobalSection(SolutionProperties) = preSolution
		HideSolutionNode = FALSE
	EndGlobalSection
	GlobalSection(ExtensibilityGlobals) = postSolution
		SolutionGuid = {97F62E3F-A91A-4945-8034-561996D5708F}
	EndGlobalSection
EndGlobal
